
Microsoft Visual Studio Solution File, Format Version 12.00
# Visual Studio 14
VisualStudioVersion = 14.0.25420.1
MinimumVisualStudioVersion = 10.0.40219.1
Project("{FAE04EC0-301F-11D3-BF4B-00C04F79EFBC}") = "ShangriLa.CMS.Common", "ShangriLa.CMS.Common\ShangriLa.CMS.Common.csproj", "{8336864F-03AB-4D4F-86A7-3E835266BC43}"
EndProject
Project("{FAE04EC0-301F-11D3-BF4B-00C04F79EFBC}") = "ShangriLa.CMS.SL.Web", "ShangriLa.CMS.SL.Web\ShangriLa.CMS.SL.Web.csproj", "{B4624664-5E0B-489B-9FB1-46EF91899C42}"
EndProject
Project("{E24C65DC-7377-472B-9ABA-BC803B73C61A}") = "http://localhost:9201", "http://localhost:9201", "{E5D4DE5F-FA49-4A4B-8E05-3E383ADBA334}"
	ProjectSection(WebsiteProperties) = preProject
		UseIISExpress = "false"
		TargetFrameworkMoniker = ".NETFramework,Version%3Dv4.5.2"
		Debug.AspNetCompiler.VirtualPath = "/localhost_9201"
		Debug.AspNetCompiler.PhysicalPath = "ShangriLa.CMS.SL.Web\"
		Debug.AspNetCompiler.TargetPath = "PrecompiledWeb\localhost_9201\"
		Debug.AspNetCompiler.Updateable = "true"
		Debug.AspNetCompiler.ForceOverwrite = "true"
		Debug.AspNetCompiler.FixedNames = "false"
		Debug.AspNetCompiler.Debug = "True"
		Release.AspNetCompiler.VirtualPath = "/localhost_9201"
		Release.AspNetCompiler.PhysicalPath = "ShangriLa.CMS.SL.Web\"
		Release.AspNetCompiler.TargetPath = "PrecompiledWeb\localhost_9201\"
		Release.AspNetCompiler.Updateable = "true"
		Release.AspNetCompiler.ForceOverwrite = "true"
		Release.AspNetCompiler.FixedNames = "false"
		Release.AspNetCompiler.Debug = "False"
		SlnRelativePath = "ShangriLa.CMS.SL.Web\"
	EndProjectSection
EndProject
Global
	GlobalSection(SolutionConfigurationPlatforms) = preSolution
		Debug|Any CPU = Debug|Any CPU
		Release|Any CPU = Release|Any CPU
	EndGlobalSection
	GlobalSection(ProjectConfigurationPlatforms) = postSolution
		{8336864F-03AB-4D4F-86A7-3E835266BC43}.Debug|Any CPU.ActiveCfg = Debug|Any CPU
		{8336864F-03AB-4D4F-86A7-3E835266BC43}.Debug|Any CPU.Build.0 = Debug|Any CPU
		{8336864F-03AB-4D4F-86A7-3E835266BC43}.Release|Any CPU.ActiveCfg = Release|Any CPU
		{8336864F-03AB-4D4F-86A7-3E835266BC43}.Release|Any CPU.Build.0 = Release|Any CPU
		{B4624664-5E0B-489B-9FB1-46EF91899C42}.Debug|Any CPU.ActiveCfg = Debug|Any CPU
		{B4624664-5E0B-489B-9FB1-46EF91899C42}.Debug|Any CPU.Build.0 = Debug|Any CPU
		{B4624664-5E0B-489B-9FB1-46EF91899C42}.Release|Any CPU.ActiveCfg = Release|Any CPU
		{B4624664-5E0B-489B-9FB1-46EF91899C42}.Release|Any CPU.Build.0 = Release|Any CPU
		{E5D4DE5F-FA49-4A4B-8E05-3E383ADBA334}.Debug|Any CPU.ActiveCfg = Debug|Any CPU
		{E5D4DE5F-FA49-4A4B-8E05-3E383ADBA334}.Release|Any CPU.ActiveCfg = Debug|Any CPU
		{E5D4DE5F-FA49-4A4B-8E05-3E383ADBA334}.Release|Any CPU.Build.0 = Debug|Any CPU
	EndGlobalSection
	GlobalSection(SolutionProperties) = preSolution
		HideSolutionNode = FALSE
	EndGlobalSection
EndGlobal
